{
  "name": "@dydxprotocol/v4-localization",
  "version": "0.0.25",
  "lockfileVersion": 2,
  "requires": true,
  "packages": {
    "": {
      "name": "@dydxprotocol/v4-localization",
      "version": "0.0.24",
      "license": "BSL-1.1",
      "devDependencies": {
        "@types/node": "^20.1.7"
      }
    },
    "node_modules/.pnpm/@types+node@20.1.7/node_modules/@types/node": {
      "version": "20.1.7",
      "integrity": "sha512-WCuw/o4GSwDGMoonES8rcvwsig77dGCMbZDrZr2x4ZZiNW4P/gcoZXe/0twgtobcTkmg9TuKflxYL/DuwDyJzg==",
      "extraneous": true
    },
    "node_modules/@types/node": {
      "version": "20.1.7",
      "resolved": "https://registry.npmjs.org/@types/node/-/node-20.1.7.tgz",
      "integrity": "sha512-WCuw/o4GSwDGMoonES8rcvwsig77dGCMbZDrZr2x4ZZiNW4P/gcoZXe/0twgtobcTkmg9TuKflxYL/DuwDyJzg==",
      "dev": true
    }
  },
  "dependencies": {
    "@types/node": {
      "version": "20.1.7",
      "resolved": "https://registry.npmjs.org/@types/node/-/node-20.1.7.tgz",
      "integrity": "sha512-WCuw/o4GSwDGMoonES8rcvwsig77dGCMbZDrZr2x4ZZiNW4P/gcoZXe/0twgtobcTkmg9TuKflxYL/DuwDyJzg==",
      "dev": true
    }
  }
}
