lockfileVersion: '6.0'

settings:
  autoInstallPeers: true
  excludeLinksFromLockfile: false

devDependencies:
  '@types/node':
    specifier: ^20.1.7
    version: 20.12.10
  husky:
    specifier: ^9.0.11
    version: 9.0.11

packages:

  /@types/node@20.12.10:
    resolution: {integrity: sha512-Eem5pH9pmWBHoGAT8Dr5fdc5rYA+4NAovdM4EktRPVAAiJhmWWfQrA0cFhAbOsQdSfIHjAud6YdkbL69+zSKjw==}
    dependencies:
      undici-types: 5.26.5
    dev: true

  /husky@9.0.11:
    resolution: {integrity: sha512-AB6lFlbwwyIqMdHYhwPe+kjOC3Oc5P3nThEoW/AaO2BX3vJDjWPFxYLxokUZOo6RNX20He3AaT8sESs9NJcmEw==}
    engines: {node: '>=18'}
    hasBin: true
    dev: true

  /undici-types@5.26.5:
    resolution: {integrity: sha512-JlCMO+ehdEIKqlFxk6IfVoAUVmgz7cU7zD/h9XZ0qzeosSHmUJVOzSQvvYSYWXkFXC+IfLKSIffhv0sVZup6pA==}
    dev: true
